
Microsoft Visual Studio Solution File, Format Version 12.00
# Visual Studio Version 16
VisualStudioVersion = 16.0.32510.428
MinimumVisualStudioVersion = 10.0.40219.1
Project("{9A19103F-16F7-4668-BE54-9A1E7A4F7556}") = "MyBlog.Shared", "MyBlog.Shared\MyBlog.Shared.csproj", "{E8D71251-B5C2-4805-8081-7759987A829C}"
EndProject
Project("{9A19103F-16F7-4668-BE54-9A1E7A4F7556}") = "MyBlog.Entities", "MyBlog.Entities\MyBlog.Entities.csproj", "{985082F7-9957-44D3-BA9D-29131E84E452}"
EndProject
Project("{9A19103F-16F7-4668-BE54-9A1E7A4F7556}") = "MyBlog.DataAccess", "MyBlog.DataAccess\MyBlog.DataAccess.csproj", "{56D88CD4-3142-467A-8786-42B73A8F3731}"
EndProject
Project("{9A19103F-16F7-4668-BE54-9A1E7A4F7556}") = "MyBlog.Business", "MyBlog.Business\MyBlog.Business.csproj", "{91DFDA07-CB7E-489E-8D15-165352AB2B68}"
EndProject
Project("{FAE04EC0-301F-11D3-BF4B-00C04F79EFBC}") = "MyBlog.Mvc", "MyBlog.Mvc\MyBlog.Mvc.csproj", "{6917DFF6-7C5B-49C5-917C-B491915C8C4E}"
EndProject
Global
	GlobalSection(SolutionConfigurationPlatforms) = preSolution
		Debug|Any CPU = Debug|Any CPU
		Release|Any CPU = Release|Any CPU
	EndGlobalSection
	GlobalSection(ProjectConfigurationPlatforms) = postSolution
		{E8D71251-B5C2-4805-8081-7759987A829C}.Debug|Any CPU.ActiveCfg = Debug|Any CPU
		{E8D71251-B5C2-4805-8081-7759987A829C}.Debug|Any CPU.Build.0 = Debug|Any CPU
		{E8D71251-B5C2-4805-8081-7759987A829C}.Release|Any CPU.ActiveCfg = Release|Any CPU
		{E8D71251-B5C2-4805-8081-7759987A829C}.Release|Any CPU.Build.0 = Release|Any CPU
		{985082F7-9957-44D3-BA9D-29131E84E452}.Debug|Any CPU.ActiveCfg = Debug|Any CPU
		{985082F7-9957-44D3-BA9D-29131E84E452}.Debug|Any CPU.Build.0 = Debug|Any CPU
		{985082F7-9957-44D3-BA9D-29131E84E452}.Release|Any CPU.ActiveCfg = Release|Any CPU
		{985082F7-9957-44D3-BA9D-29131E84E452}.Release|Any CPU.Build.0 = Release|Any CPU
		{56D88CD4-3142-467A-8786-42B73A8F3731}.Debug|Any CPU.ActiveCfg = Debug|Any CPU
		{56D88CD4-3142-467A-8786-42B73A8F3731}.Debug|Any CPU.Build.0 = Debug|Any CPU
		{56D88CD4-3142-467A-8786-42B73A8F3731}.Release|Any CPU.ActiveCfg = Release|Any CPU
		{56D88CD4-3142-467A-8786-42B73A8F3731}.Release|Any CPU.Build.0 = Release|Any CPU
		{91DFDA07-CB7E-489E-8D15-165352AB2B68}.Debug|Any CPU.ActiveCfg = Debug|Any CPU
		{91DFDA07-CB7E-489E-8D15-165352AB2B68}.Debug|Any CPU.Build.0 = Debug|Any CPU
		{91DFDA07-CB7E-489E-8D15-165352AB2B68}.Release|Any CPU.ActiveCfg = Release|Any CPU
		{91DFDA07-CB7E-489E-8D15-165352AB2B68}.Release|Any CPU.Build.0 = Release|Any CPU
		{6917DFF6-7C5B-49C5-917C-B491915C8C4E}.Debug|Any CPU.ActiveCfg = Debug|Any CPU
		{6917DFF6-7C5B-49C5-917C-B491915C8C4E}.Debug|Any CPU.Build.0 = Debug|Any CPU
		{6917DFF6-7C5B-49C5-917C-B491915C8C4E}.Release|Any CPU.ActiveCfg = Release|Any CPU
		{6917DFF6-7C5B-49C5-917C-B491915C8C4E}.Release|Any CPU.Build.0 = Release|Any CPU
	EndGlobalSection
	GlobalSection(SolutionProperties) = preSolution
		HideSolutionNode = FALSE
	EndGlobalSection
	GlobalSection(ExtensibilityGlobals) = postSolution
		SolutionGuid = {916D2AA2-07D0-4B68-9035-4EB1693F5AA9}
	EndGlobalSection
EndGlobal
